
Microsoft Visual Studio Solution File, Format Version 12.00
# Visual Studio Version 17
VisualStudioVersion = 17.3.32825.248
MinimumVisualStudioVersion = 10.0.40219.1
Project("{FAE04EC0-301F-11D3-BF4B-00C04F79EFBC}") = "Trabalho 01 - Exercício 02", "Trabalho 01 - Exercício 02\Trabalho 01 - Exercício 02.csproj", "{0C635C39-2AD0-401C-A904-3C330350D5CC}"
EndProject
Global
	GlobalSection(SolutionConfigurationPlatforms) = preSolution
		Debug|Any CPU = Debug|Any CPU
		Release|Any CPU = Release|Any CPU
	EndGlobalSection
	GlobalSection(ProjectConfigurationPlatforms) = postSolution
		{0C635C39-2AD0-401C-A904-3C330350D5CC}.Debug|Any CPU.ActiveCfg = Debug|Any CPU
		{0C635C39-2AD0-401C-A904-3C330350D5CC}.Debug|Any CPU.Build.0 = Debug|Any CPU
		{0C635C39-2AD0-401C-A904-3C330350D5CC}.Release|Any CPU.ActiveCfg = Release|Any CPU
		{0C635C39-2AD0-401C-A904-3C330350D5CC}.Release|Any CPU.Build.0 = Release|Any CPU
	EndGlobalSection
	GlobalSection(SolutionProperties) = preSolution
		HideSolutionNode = FALSE
	EndGlobalSection
	GlobalSection(ExtensibilityGlobals) = postSolution
		SolutionGuid = {CF419773-B782-4ADD-BC09-2C17FB15DD14}
	EndGlobalSection
EndGlobal
